// !$*UTF8*$!
{
	archiveVersion = 1;
	classes = {
	};
	objectVersion = 46;
	objects = {

/* Begin PBXBuildFile section */
		1582CFC919AF7BEC0056BD40 /* Foundation.framework in Frameworks */ = {isa = PBXBuildFile; fileRef = 1582CFC819AF7BEC0056BD40 /* Foundation.framework */; };
		1582CFCB19AF7BEC0056BD40 /* CoreGraphics.framework in Frameworks */ = {isa = PBXBuildFile; fileRef = 1582CFCA19AF7BEC0056BD40 /* CoreGraphics.framework */; };
		1582CFCD19AF7BEC0056BD40 /* UIKit.framework in Frameworks */ = {isa = PBXBuildFile; fileRef = 1582CFCC19AF7BEC0056BD40 /* UIKit.framework */; };
		1582CFD319AF7BEC0056BD40 /* InfoPlist.strings in Resources */ = {isa = PBXBuildFile; fileRef = 1582CFD119AF7BEC0056BD40 /* InfoPlist.strings */; };
		1582CFD519AF7BEC0056BD40 /* main.m in Sources */ = {isa = PBXBuildFile; fileRef = 1582CFD419AF7BEC0056BD40 /* main.m */; };
		1582CFD919AF7BEC0056BD40 /* TWRAppDelegate.m in Sources */ = {isa = PBXBuildFile; fileRef = 1582CFD819AF7BEC0056BD40 /* TWRAppDelegate.m */; };
		1582CFDC19AF7BEC0056BD40 /* Main.storyboard in Resources */ = {isa = PBXBuildFile; fileRef = 1582CFDA19AF7BEC0056BD40 /* Main.storyboard */; };
		1582CFDF19AF7BEC0056BD40 /* TWRViewController.m in Sources */ = {isa = PBXBuildFile; fileRef = 1582CFDE19AF7BEC0056BD40 /* TWRViewController.m */; };
		1582CFE119AF7BEC0056BD40 /* Images.xcassets in Resources */ = {isa = PBXBuildFile; fileRef = 1582CFE019AF7BEC0056BD40 /* Images.xcassets */; };
		1582CFE819AF7BED0056BD40 /* XCTest.framework in Frameworks */ = {isa = PBXBuildFile; fileRef = 1582CFE719AF7BED0056BD40 /* XCTest.framework */; };
		1582CFE919AF7BED0056BD40 /* Foundation.framework in Frameworks */ = {isa = PBXBuildFile; fileRef = 1582CFC819AF7BEC0056BD40 /* Foundation.framework */; };
		1582CFEA19AF7BED0056BD40 /* UIKit.framework in Frameworks */ = {isa = PBXBuildFile; fileRef = 1582CFCC19AF7BEC0056BD40 /* UIKit.framework */; };
		1582CFF219AF7BED0056BD40 /* InfoPlist.strings in Resources */ = {isa = PBXBuildFile; fileRef = 1582CFF019AF7BED0056BD40 /* InfoPlist.strings */; };
		1582CFF419AF7BED0056BD40 /* TWRPickerSliderTests.m in Sources */ = {isa = PBXBuildFile; fileRef = 1582CFF319AF7BED0056BD40 /* TWRPickerSliderTests.m */; };
		1582CFFF19AF7C140056BD40 /* TWRPickerSlider.m in Sources */ = {isa = PBXBuildFile; fileRef = 1582CFFE19AF7C140056BD40 /* TWRPickerSlider.m */; };
		1582D00219AF84AB0056BD40 /* TWRDemoObject.m in Sources */ = {isa = PBXBuildFile; fileRef = 1582D00119AF84AB0056BD40 /* TWRDemoObject.m */; };
		1582D00619AF891C0056BD40 /* TWRPickerSliderHeaderView.m in Sources */ = {isa = PBXBuildFile; fileRef = 1582D00519AF891C0056BD40 /* TWRPickerSliderHeaderView.m */; };
		1582D00819AF89260056BD40 /* TWRPickerSliderHeaderView.xib in Resources */ = {isa = PBXBuildFile; fileRef = 1582D00719AF89260056BD40 /* TWRPickerSliderHeaderView.xib */; };
		1582D00B19AF8CB80056BD40 /* input_icon_select.png in Resources */ = {isa = PBXBuildFile; fileRef = 1582D00919AF8CB80056BD40 /* input_icon_select.png */; };
		1582D00C19AF8CB80056BD40 /* input_icon_select@2x.png in Resources */ = {isa = PBXBuildFile; fileRef = 1582D00A19AF8CB80056BD40 /* input_icon_select@2x.png */; };
		15BC5C1419AF98360020BDFF /* TWRSliderStackedView.m in Sources */ = {isa = PBXBuildFile; fileRef = 15BC5C1319AF98360020BDFF /* TWRSliderStackedView.m */; };
		15BC5C1719AFD50F0020BDFF /* TWRSliderContainerView.m in Sources */ = {isa = PBXBuildFile; fileRef = 15BC5C1619AFD50F0020BDFF /* TWRSliderContainerView.m */; };
/* End PBXBuildFile section */

/* Begin PBXContainerItemProxy section */
		1582CFEB19AF7BED0056BD40 /* PBXContainerItemProxy */ = {
			isa = PBXContainerItemProxy;
			containerPortal = 1582CFBD19AF7BEC0056BD40 /* Project object */;
			proxyType = 1;
			remoteGlobalIDString = 1582CFC419AF7BEC0056BD40;
			remoteInfo = TWRPickerSlider;
		};
/* End PBXContainerItemProxy section */

/* Begin PBXFileReference section */
		1582CFC519AF7BEC0056BD40 /* TWRPickerSlider.app */ = {isa = PBXFileReference; explicitFileType = wrapper.application; includeInIndex = 0; path = TWRPickerSlider.app; sourceTree = BUILT_PRODUCTS_DIR; };
		1582CFC819AF7BEC0056BD40 /* Foundation.framework */ = {isa = PBXFileReference; lastKnownFileType = wrapper.framework; name = Foundation.framework; path = System/Library/Frameworks/Foundation.framework; sourceTree = SDKROOT; };
		1582CFCA19AF7BEC0056BD40 /* CoreGraphics.framework */ = {isa = PBXFileReference; lastKnownFileType = wrapper.framework; name = CoreGraphics.framework; path = System/Library/Frameworks/CoreGraphics.framework; sourceTree = SDKROOT; };
		1582CFCC19AF7BEC0056BD40 /* UIKit.framework */ = {isa = PBXFileReference; lastKnownFileType = wrapper.framework; name = UIKit.framework; path = System/Library/Frameworks/UIKit.framework; sourceTree = SDKROOT; };
		1582CFD019AF7BEC0056BD40 /* TWRPickerSlider-Info.plist */ = {isa = PBXFileReference; lastKnownFileType = text.plist.xml; path = "TWRPickerSlider-Info.plist"; sourceTree = "<group>"; };
		1582CFD219AF7BEC0056BD40 /* en */ = {isa = PBXFileReference; lastKnownFileType = text.plist.strings; name = en; path = en.lproj/InfoPlist.strings; sourceTree = "<group>"; };
		1582CFD419AF7BEC0056BD40 /* main.m */ = {isa = PBXFileReference; lastKnownFileType = sourcecode.c.objc; path = main.m; sourceTree = "<group>"; };
		1582CFD619AF7BEC0056BD40 /* TWRPickerSlider-Prefix.pch */ = {isa = PBXFileReference; lastKnownFileType = sourcecode.c.h; path = "TWRPickerSlider-Prefix.pch"; sourceTree = "<group>"; };
		1582CFD719AF7BEC0056BD40 /* TWRAppDelegate.h */ = {isa = PBXFileReference; lastKnownFileType = sourcecode.c.h; path = TWRAppDelegate.h; sourceTree = "<group>"; };
		1582CFD819AF7BEC0056BD40 /* TWRAppDelegate.m */ = {isa = PBXFileReference; lastKnownFileType = sourcecode.c.objc; path = TWRAppDelegate.m; sourceTree = "<group>"; };
		1582CFDB19AF7BEC0056BD40 /* Base */ = {isa = PBXFileReference; lastKnownFileType = file.storyboard; name = Base; path = Base.lproj/Main.storyboard; sourceTree = "<group>"; };
		1582CFDD19AF7BEC0056BD40 /* TWRViewController.h */ = {isa = PBXFileReference; lastKnownFileType = sourcecode.c.h; path = TWRViewController.h; sourceTree = "<group>"; };
		1582CFDE19AF7BEC0056BD40 /* TWRViewController.m */ = {isa = PBXFileReference; lastKnownFileType = sourcecode.c.objc; path = TWRViewController.m; sourceTree = "<group>"; };
		1582CFE019AF7BEC0056BD40 /* Images.xcassets */ = {isa = PBXFileReference; lastKnownFileType = folder.assetcatalog; path = Images.xcassets; sourceTree = "<group>"; };
		1582CFE619AF7BED0056BD40 /* TWRPickerSliderTests.xctest */ = {isa = PBXFileReference; explicitFileType = wrapper.cfbundle; includeInIndex = 0; path = TWRPickerSliderTests.xctest; sourceTree = BUILT_PRODUCTS_DIR; };
		1582CFE719AF7BED0056BD40 /* XCTest.framework */ = {isa = PBXFileReference; lastKnownFileType = wrapper.framework; name = XCTest.framework; path = Library/Frameworks/XCTest.framework; sourceTree = DEVELOPER_DIR; };
		1582CFEF19AF7BED0056BD40 /* TWRPickerSliderTests-Info.plist */ = {isa = PBXFileReference; lastKnownFileType = text.plist.xml; path = "TWRPickerSliderTests-Info.plist"; sourceTree = "<group>"; };
		1582CFF119AF7BED0056BD40 /* en */ = {isa = PBXFileReference; lastKnownFileType = text.plist.strings; name = en; path = en.lproj/InfoPlist.strings; sourceTree = "<group>"; };
		1582CFF319AF7BED0056BD40 /* TWRPickerSliderTests.m */ = {isa = PBXFileReference; lastKnownFileType = sourcecode.c.objc; path = TWRPickerSliderTests.m; sourceTree = "<group>"; };
		1582CFFD19AF7C140056BD40 /* TWRPickerSlider.h */ = {isa = PBXFileReference; fileEncoding = 4; lastKnownFileType = sourcecode.c.h; path = TWRPickerSlider.h; sourceTree = "<group>"; };
		1582CFFE19AF7C140056BD40 /* TWRPickerSlider.m */ = {isa = PBXFileReference; fileEncoding = 4; lastKnownFileType = sourcecode.c.objc; path = TWRPickerSlider.m; sourceTree = "<group>"; };
		1582D00019AF84AB0056BD40 /* TWRDemoObject.h */ = {isa = PBXFileReference; fileEncoding = 4; lastKnownFileType = sourcecode.c.h; path = TWRDemoObject.h; sourceTree = "<group>"; };
		1582D00119AF84AB0056BD40 /* TWRDemoObject.m */ = {isa = PBXFileReference; fileEncoding = 4; lastKnownFileType = sourcecode.c.objc; path = TWRDemoObject.m; sourceTree = "<group>"; };
		1582D00419AF891C0056BD40 /* TWRPickerSliderHeaderView.h */ = {isa = PBXFileReference; fileEncoding = 4; lastKnownFileType = sourcecode.c.h; path = TWRPickerSliderHeaderView.h; sourceTree = "<group>"; };
		1582D00519AF891C0056BD40 /* TWRPickerSliderHeaderView.m */ = {isa = PBXFileReference; fileEncoding = 4; lastKnownFileType = sourcecode.c.objc; path = TWRPickerSliderHeaderView.m; sourceTree = "<group>"; };
		1582D00719AF89260056BD40 /* TWRPickerSliderHeaderView.xib */ = {isa = PBXFileReference; fileEncoding = 4; lastKnownFileType = file.xib; path = TWRPickerSliderHeaderView.xib; sourceTree = "<group>"; };
		1582D00919AF8CB80056BD40 /* input_icon_select.png */ = {isa = PBXFileReference; lastKnownFileType = image.png; path = input_icon_select.png; sourceTree = "<group>"; };
		1582D00A19AF8CB80056BD40 /* input_icon_select@2x.png */ = {isa = PBXFileReference; lastKnownFileType = image.png; path = "input_icon_select@2x.png"; sourceTree = "<group>"; };
		15BC5C1219AF98360020BDFF /* TWRSliderStackedView.h */ = {isa = PBXFileReference; fileEncoding = 4; lastKnownFileType = sourcecode.c.h; path = TWRSliderStackedView.h; sourceTree = "<group>"; };
		15BC5C1319AF98360020BDFF /* TWRSliderStackedView.m */ = {isa = PBXFileReference; fileEncoding = 4; lastKnownFileType = sourcecode.c.objc; path = TWRSliderStackedView.m; sourceTree = "<group>"; };
		15BC5C1519AFD50F0020BDFF /* TWRSliderContainerView.h */ = {isa = PBXFileReference; fileEncoding = 4; lastKnownFileType = sourcecode.c.h; path = TWRSliderContainerView.h; sourceTree = "<group>"; };
		15BC5C1619AFD50F0020BDFF /* TWRSliderContainerView.m */ = {isa = PBXFileReference; fileEncoding = 4; lastKnownFileType = sourcecode.c.objc; path = TWRSliderContainerView.m; sourceTree = "<group>"; };
/* End PBXFileReference section */

/* Begin PBXFrameworksBuildPhase section */
		1582CFC219AF7BEC0056BD40 /* Frameworks */ = {
			isa = PBXFrameworksBuildPhase;
			buildActionMask = 2147483647;
			files = (
				1582CFCB19AF7BEC0056BD40 /* CoreGraphics.framework in Frameworks */,
				1582CFCD19AF7BEC0056BD40 /* UIKit.framework in Frameworks */,
				1582CFC919AF7BEC0056BD40 /* Foundation.framework in Frameworks */,
			);
			runOnlyForDeploymentPostprocessing = 0;
		};
		1582CFE319AF7BED0056BD40 /* Frameworks */ = {
			isa = PBXFrameworksBuildPhase;
			buildActionMask = 2147483647;
			files = (
				1582CFE819AF7BED0056BD40 /* XCTest.framework in Frameworks */,
				1582CFEA19AF7BED0056BD40 /* UIKit.framework in Frameworks */,
				1582CFE919AF7BED0056BD40 /* Foundation.framework in Frameworks */,
			);
			runOnlyForDeploymentPostprocessing = 0;
		};
/* End PBXFrameworksBuildPhase section */

/* Begin PBXGroup section */
		1582CFBC19AF7BEC0056BD40 = {
			isa = PBXGroup;
			children = (
				1582CFCE19AF7BEC0056BD40 /* TWRPickerSlider */,
				1582CFED19AF7BED0056BD40 /* TWRPickerSliderTests */,
				1582CFC719AF7BEC0056BD40 /* Frameworks */,
				1582CFC619AF7BEC0056BD40 /* Products */,
			);
			sourceTree = "<group>";
		};
		1582CFC619AF7BEC0056BD40 /* Products */ = {
			isa = PBXGroup;
			children = (
				1582CFC519AF7BEC0056BD40 /* TWRPickerSlider.app */,
				1582CFE619AF7BED0056BD40 /* TWRPickerSliderTests.xctest */,
			);
			name = Products;
			sourceTree = "<group>";
		};
		1582CFC719AF7BEC0056BD40 /* Frameworks */ = {
			isa = PBXGroup;
			children = (
				1582CFC819AF7BEC0056BD40 /* Foundation.framework */,
				1582CFCA19AF7BEC0056BD40 /* CoreGraphics.framework */,
				1582CFCC19AF7BEC0056BD40 /* UIKit.framework */,
				1582CFE719AF7BED0056BD40 /* XCTest.framework */,
			);
			name = Frameworks;
			sourceTree = "<group>";
		};
		1582CFCE19AF7BEC0056BD40 /* TWRPickerSlider */ = {
			isa = PBXGroup;
			children = (
				15BC5C1919AFDAFB0020BDFF /* Controller */,
				15BC5C1819AFDAED0020BDFF /* Demo Objects */,
				1582D00319AF89010056BD40 /* PickerSlider */,
				1582CFD719AF7BEC0056BD40 /* TWRAppDelegate.h */,
				1582CFD819AF7BEC0056BD40 /* TWRAppDelegate.m */,
				1582CFDA19AF7BEC0056BD40 /* Main.storyboard */,
				1582CFE019AF7BEC0056BD40 /* Images.xcassets */,
				1582CFCF19AF7BEC0056BD40 /* Supporting Files */,
			);
			path = TWRPickerSlider;
			sourceTree = "<group>";
		};
		1582CFCF19AF7BEC0056BD40 /* Supporting Files */ = {
			isa = PBXGroup;
			children = (
				1582CFD019AF7BEC0056BD40 /* TWRPickerSlider-Info.plist */,
				1582CFD119AF7BEC0056BD40 /* InfoPlist.strings */,
				1582CFD419AF7BEC0056BD40 /* main.m */,
				1582CFD619AF7BEC0056BD40 /* TWRPickerSlider-Prefix.pch */,
			);
			name = "Supporting Files";
			sourceTree = "<group>";
		};
		1582CFED19AF7BED0056BD40 /* TWRPickerSliderTests */ = {
			isa = PBXGroup;
			children = (
				1582CFF319AF7BED0056BD40 /* TWRPickerSliderTests.m */,
				1582CFEE19AF7BED0056BD40 /* Supporting Files */,
			);
			path = TWRPickerSliderTests;
			sourceTree = "<group>";
		};
		1582CFEE19AF7BED0056BD40 /* Supporting Files */ = {
			isa = PBXGroup;
			children = (
				1582CFEF19AF7BED0056BD40 /* TWRPickerSliderTests-Info.plist */,
				1582CFF019AF7BED0056BD40 /* InfoPlist.strings */,
			);
			name = "Supporting Files";
			sourceTree = "<group>";
		};
		1582D00319AF89010056BD40 /* PickerSlider */ = {
			isa = PBXGroup;
			children = (
				1582D00919AF8CB80056BD40 /* input_icon_select.png */,
				1582D00A19AF8CB80056BD40 /* input_icon_select@2x.png */,
				1582CFFD19AF7C140056BD40 /* TWRPickerSlider.h */,
				1582CFFE19AF7C140056BD40 /* TWRPickerSlider.m */,
				1582D00419AF891C0056BD40 /* TWRPickerSliderHeaderView.h */,
				1582D00519AF891C0056BD40 /* TWRPickerSliderHeaderView.m */,
				1582D00719AF89260056BD40 /* TWRPickerSliderHeaderView.xib */,
				15BC5C1219AF98360020BDFF /* TWRSliderStackedView.h */,
				15BC5C1319AF98360020BDFF /* TWRSliderStackedView.m */,
				15BC5C1519AFD50F0020BDFF /* TWRSliderContainerView.h */,
				15BC5C1619AFD50F0020BDFF /* TWRSliderContainerView.m */,
			);
			name = PickerSlider;
			sourceTree = "<group>";
		};
		15BC5C1819AFDAED0020BDFF /* Demo Objects */ = {
			isa = PBXGroup;
			children = (
				1582D00019AF84AB0056BD40 /* TWRDemoObject.h */,
				1582D00119AF84AB0056BD40 /* TWRDemoObject.m */,
			);
			name = "Demo Objects";
			sourceTree = "<group>";
		};
		15BC5C1919AFDAFB0020BDFF /* Controller */ = {
			isa = PBXGroup;
			children = (
				1582CFDD19AF7BEC0056BD40 /* TWRViewController.h */,
				1582CFDE19AF7BEC0056BD40 /* TWRViewController.m */,
			);
			name = Controller;
			sourceTree = "<group>";
		};
/* End PBXGroup section */

/* Begin PBXNativeTarget section */
		1582CFC419AF7BEC0056BD40 /* TWRPickerSlider */ = {
			isa = PBXNativeTarget;
			buildConfigurationList = 1582CFF719AF7BED0056BD40 /* Build configuration list for PBXNativeTarget "TWRPickerSlider" */;
			buildPhases = (
				1582CFC119AF7BEC0056BD40 /* Sources */,
				1582CFC219AF7BEC0056BD40 /* Frameworks */,
				1582CFC319AF7BEC0056BD40 /* Resources */,
			);
			buildRules = (
			);
			dependencies = (
			);
			name = TWRPickerSlider;
			productName = TWRPickerSlider;
			productReference = 1582CFC519AF7BEC0056BD40 /* TWRPickerSlider.app */;
			productType = "com.apple.product-type.application";
		};
		1582CFE519AF7BED0056BD40 /* TWRPickerSliderTests */ = {
			isa = PBXNativeTarget;
			buildConfigurationList = 1582CFFA19AF7BED0056BD40 /* Build configuration list for PBXNativeTarget "TWRPickerSliderTests" */;
			buildPhases = (
				1582CFE219AF7BED0056BD40 /* Sources */,
				1582CFE319AF7BED0056BD40 /* Frameworks */,
				1582CFE419AF7BED0056BD40 /* Resources */,
			);
			buildRules = (
			);
			dependencies = (
				1582CFEC19AF7BED0056BD40 /* PBXTargetDependency */,
			);
			name = TWRPickerSliderTests;
			productName = TWRPickerSliderTests;
			productReference = 1582CFE619AF7BED0056BD40 /* TWRPickerSliderTests.xctest */;
			productType = "com.apple.product-type.bundle.unit-test";
		};
/* End PBXNativeTarget section */

/* Begin PBXProject section */
		1582CFBD19AF7BEC0056BD40 /* Project object */ = {
			isa = PBXProject;
			attributes = {
				CLASSPREFIX = TWR;
				LastUpgradeCheck = 0510;
				ORGANIZATIONNAME = Touchware;
				TargetAttributes = {
					1582CFE519AF7BED0056BD40 = {
						TestTargetID = 1582CFC419AF7BEC0056BD40;
					};
				};
			};
			buildConfigurationList = 1582CFC019AF7BEC0056BD40 /* Build configuration list for PBXProject "TWRPickerSlider" */;
			compatibilityVersion = "Xcode 3.2";
			developmentRegion = English;
			hasScannedForEncodings = 0;
			knownRegions = (
				en,
				Base,
			);
			mainGroup = 1582CFBC19AF7BEC0056BD40;
			productRefGroup = 1582CFC619AF7BEC0056BD40 /* Products */;
			projectDirPath = "";
			projectRoot = "";
			targets = (
				1582CFC419AF7BEC0056BD40 /* TWRPickerSlider */,
				1582CFE519AF7BED0056BD40 /* TWRPickerSliderTests */,
			);
		};
/* End PBXProject section */

/* Begin PBXResourcesBuildPhase section */
		1582CFC319AF7BEC0056BD40 /* Resources */ = {
			isa = PBXResourcesBuildPhase;
			buildActionMask = 2147483647;
			files = (
				1582D00819AF89260056BD40 /* TWRPickerSliderHeaderView.xib in Resources */,
				1582CFE119AF7BEC0056BD40 /* Images.xcassets in Resources */,
				1582D00C19AF8CB80056BD40 /* input_icon_select@2x.png in Resources */,
				1582D00B19AF8CB80056BD40 /* input_icon_select.png in Resources */,
				1582CFD319AF7BEC0056BD40 /* InfoPlist.strings in Resources */,
				1582CFDC19AF7BEC0056BD40 /* Main.storyboard in Resources */,
			);
			runOnlyForDeploymentPostprocessing = 0;
		};
		1582CFE419AF7BED0056BD40 /* Resources */ = {
			isa = PBXResourcesBuildPhase;
			buildActionMask = 2147483647;
			files = (
				1582CFF219AF7BED0056BD40 /* InfoPlist.strings in Resources */,
			);
			runOnlyForDeploymentPostprocessing = 0;
		};
/* End PBXResourcesBuildPhase section */

/* Begin PBXSourcesBuildPhase section */
		1582CFC119AF7BEC0056BD40 /* Sources */ = {
			isa = PBXSourcesBuildPhase;
			buildActionMask = 2147483647;
			files = (
				1582D00619AF891C0056BD40 /* TWRPickerSliderHeaderView.m in Sources */,
				15BC5C1719AFD50F0020BDFF /* TWRSliderContainerView.m in Sources */,
				1582CFDF19AF7BEC0056BD40 /* TWRViewController.m in Sources */,
				1582CFD919AF7BEC0056BD40 /* TWRAppDelegate.m in Sources */,
				1582CFFF19AF7C140056BD40 /* TWRPickerSlider.m in Sources */,
				1582CFD519AF7BEC0056BD40 /* main.m in Sources */,
				1582D00219AF84AB0056BD40 /* TWRDemoObject.m in Sources */,
				15BC5C1419AF98360020BDFF /* TWRSliderStackedView.m in Sources */,
			);
			runOnlyForDeploymentPostprocessing = 0;
		};
		1582CFE219AF7BED0056BD40 /* Sources */ = {
			isa = PBXSourcesBuildPhase;
			buildActionMask = 2147483647;
			files = (
				1582CFF419AF7BED0056BD40 /* TWRPickerSliderTests.m in Sources */,
			);
			runOnlyForDeploymentPostprocessing = 0;
		};
/* End PBXSourcesBuildPhase section */

/* Begin PBXTargetDependency section */
		1582CFEC19AF7BED0056BD40 /* PBXTargetDependency */ = {
			isa = PBXTargetDependency;
			target = 1582CFC419AF7BEC0056BD40 /* TWRPickerSlider */;
			targetProxy = 1582CFEB19AF7BED0056BD40 /* PBXContainerItemProxy */;
		};
/* End PBXTargetDependency section */

/* Begin PBXVariantGroup section */
		1582CFD119AF7BEC0056BD40 /* InfoPlist.strings */ = {
			isa = PBXVariantGroup;
			children = (
				1582CFD219AF7BEC0056BD40 /* en */,
			);
			name = InfoPlist.strings;
			sourceTree = "<group>";
		};
		1582CFDA19AF7BEC0056BD40 /* Main.storyboard */ = {
			isa = PBXVariantGroup;
			children = (
				1582CFDB19AF7BEC0056BD40 /* Base */,
			);
			name = Main.storyboard;
			sourceTree = "<group>";
		};
		1582CFF019AF7BED0056BD40 /* InfoPlist.strings */ = {
			isa = PBXVariantGroup;
			children = (
				1582CFF119AF7BED0056BD40 /* en */,
			);
			name = InfoPlist.strings;
			sourceTree = "<group>";
		};
/* End PBXVariantGroup section */

/* Begin XCBuildConfiguration section */
		1582CFF519AF7BED0056BD40 /* Debug */ = {
			isa = XCBuildConfiguration;
			buildSettings = {
				ALWAYS_SEARCH_USER_PATHS = NO;
				CLANG_CXX_LANGUAGE_STANDARD = "gnu++0x";
				CLANG_CXX_LIBRARY = "libc++";
				CLANG_ENABLE_MODULES = YES;
				CLANG_ENABLE_OBJC_ARC = YES;
				CLANG_WARN_BOOL_CONVERSION = YES;
				CLANG_WARN_CONSTANT_CONVERSION = YES;
				CLANG_WARN_DIRECT_OBJC_ISA_USAGE = YES_ERROR;
				CLANG_WARN_EMPTY_BODY = YES;
				CLANG_WARN_ENUM_CONVERSION = YES;
				CLANG_WARN_INT_CONVERSION = YES;
				CLANG_WARN_OBJC_ROOT_CLASS = YES_ERROR;
				CLANG_WARN__DUPLICATE_METHOD_MATCH = YES;
				"CODE_SIGN_IDENTITY[sdk=iphoneos*]" = "iPhone Developer";
				COPY_PHASE_STRIP = NO;
				GCC_C_LANGUAGE_STANDARD = gnu99;
				GCC_DYNAMIC_NO_PIC = NO;
				GCC_OPTIMIZATION_LEVEL = 0;
				GCC_PREPROCESSOR_DEFINITIONS = (
					"DEBUG=1",
					"$(inherited)",
				);
				GCC_SYMBOLS_PRIVATE_EXTERN = NO;
				GCC_WARN_64_TO_32_BIT_CONVERSION = YES;
				GCC_WARN_ABOUT_RETURN_TYPE = YES_ERROR;
				GCC_WARN_UNDECLARED_SELECTOR = YES;
				GCC_WARN_UNINITIALIZED_AUTOS = YES_AGGRESSIVE;
				GCC_WARN_UNUSED_FUNCTION = YES;
				GCC_WARN_UNUSED_VARIABLE = YES;
				IPHONEOS_DEPLOYMENT_TARGET = 7.1;
				ONLY_ACTIVE_ARCH = YES;
				SDKROOT = iphoneos;
			};
			name = Debug;
		};
		1582CFF619AF7BED0056BD40 /* Release */ = {
			isa = XCBuildConfiguration;
			buildSettings = {
				ALWAYS_SEARCH_USER_PATHS = NO;
				CLANG_CXX_LANGUAGE_STANDARD = "gnu++0x";
				CLANG_CXX_LIBRARY = "libc++";
				CLANG_ENABLE_MODULES = YES;
				CLANG_ENABLE_OBJC_ARC = YES;
				CLANG_WARN_BOOL_CONVERSION = YES;
				CLANG_WARN_CONSTANT_CONVERSION = YES;
				CLANG_WARN_DIRECT_OBJC_ISA_USAGE = YES_ERROR;
				CLANG_WARN_EMPTY_BODY = YES;
				CLANG_WARN_ENUM_CONVERSION = YES;
				CLANG_WARN_INT_CONVERSION = YES;
				CLANG_WARN_OBJC_ROOT_CLASS = YES_ERROR;
				CLANG_WARN__DUPLICATE_METHOD_MATCH = YES;
				"CODE_SIGN_IDENTITY[sdk=iphoneos*]" = "iPhone Developer";
				COPY_PHASE_STRIP = YES;
				ENABLE_NS_ASSERTIONS = NO;
				GCC_C_LANGUAGE_STANDARD = gnu99;
				GCC_WARN_64_TO_32_BIT_CONVERSION = YES;
				GCC_WARN_ABOUT_RETURN_TYPE = YES_ERROR;
				GCC_WARN_UNDECLARED_SELECTOR = YES;
				GCC_WARN_UNINITIALIZED_AUTOS = YES_AGGRESSIVE;
				GCC_WARN_UNUSED_FUNCTION = YES;
				GCC_WARN_UNUSED_VARIABLE = YES;
				IPHONEOS_DEPLOYMENT_TARGET = 7.1;
				SDKROOT = iphoneos;
				VALIDATE_PRODUCT = YES;
			};
			name = Release;
		};
		1582CFF819AF7BED0056BD40 /* Debug */ = {
			isa = XCBuildConfiguration;
			buildSettings = {
				ASSETCATALOG_COMPILER_APPICON_NAME = AppIcon;
				ASSETCATALOG_COMPILER_LAUNCHIMAGE_NAME = LaunchImage;
				GCC_PRECOMPILE_PREFIX_HEADER = YES;
				GCC_PREFIX_HEADER = "TWRPickerSlider/TWRPickerSlider-Prefix.pch";
				INFOPLIST_FILE = "TWRPickerSlider/TWRPickerSlider-Info.plist";
				PRODUCT_NAME = "$(TARGET_NAME)";
				WRAPPER_EXTENSION = app;
			};
			name = Debug;
		};
		1582CFF919AF7BED0056BD40 /* Release */ = {
			isa = XCBuildConfiguration;
			buildSettings = {
				ASSETCATALOG_COMPILER_APPICON_NAME = AppIcon;
				ASSETCATALOG_COMPILER_LAUNCHIMAGE_NAME = LaunchImage;
				GCC_PRECOMPILE_PREFIX_HEADER = YES;
				GCC_PREFIX_HEADER = "TWRPickerSlider/TWRPickerSlider-Prefix.pch";
				INFOPLIST_FILE = "TWRPickerSlider/TWRPickerSlider-Info.plist";
				PRODUCT_NAME = "$(TARGET_NAME)";
				WRAPPER_EXTENSION = app;
			};
			name = Release;
		};
		1582CFFB19AF7BED0056BD40 /* Debug */ = {
			isa = XCBuildConfiguration;
			buildSettings = {
				BUNDLE_LOADER = "$(BUILT_PRODUCTS_DIR)/TWRPickerSlider.app/TWRPickerSlider";
				FRAMEWORK_SEARCH_PATHS = (
					"$(SDKROOT)/Developer/Library/Frameworks",
					"$(inherited)",
					"$(DEVELOPER_FRAMEWORKS_DIR)",
				);
				GCC_PRECOMPILE_PREFIX_HEADER = YES;
				GCC_PREFIX_HEADER = "TWRPickerSlider/TWRPickerSlider-Prefix.pch";
				GCC_PREPROCESSOR_DEFINITIONS = (
					"DEBUG=1",
					"$(inherited)",
				);
				INFOPLIST_FILE = "TWRPickerSliderTests/TWRPickerSliderTests-Info.plist";
				PRODUCT_NAME = "$(TARGET_NAME)";
				TEST_HOST = "$(BUNDLE_LOADER)";
				WRAPPER_EXTENSION = xctest;
			};
			name = Debug;
		};
		1582CFFC19AF7BED0056BD40 /* Release */ = {
			isa = XCBuildConfiguration;
			buildSettings = {
				BUNDLE_LOADER = "$(BUILT_PRODUCTS_DIR)/TWRPickerSlider.app/TWRPickerSlider";
				FRAMEWORK_SEARCH_PATHS = (
					"$(SDKROOT)/Developer/Library/Frameworks",
					"$(inherited)",
					"$(DEVELOPER_FRAMEWORKS_DIR)",
				);
				GCC_PRECOMPILE_PREFIX_HEADER = YES;
				GCC_PREFIX_HEADER = "TWRPickerSlider/TWRPickerSlider-Prefix.pch";
				INFOPLIST_FILE = "TWRPickerSliderTests/TWRPickerSliderTests-Info.plist";
				PRODUCT_NAME = "$(TARGET_NAME)";
				TEST_HOST = "$(BUNDLE_LOADER)";
				WRAPPER_EXTENSION = xctest;
			};
			name = Release;
		};
/* End XCBuildConfiguration section */

/* Begin XCConfigurationList section */
		1582CFC019AF7BEC0056BD40 /* Build configuration list for PBXProject "TWRPickerSlider" */ = {
			isa = XCConfigurationList;
			buildConfigurations = (
				1582CFF519AF7BED0056BD40 /* Debug */,
				1582CFF619AF7BED0056BD40 /* Release */,
			);
			defaultConfigurationIsVisible = 0;
			defaultConfigurationName = Release;
		};
		1582CFF719AF7BED0056BD40 /* Build configuration list for PBXNativeTarget "TWRPickerSlider" */ = {
			isa = XCConfigurationList;
			buildConfigurations = (
				1582CFF819AF7BED0056BD40 /* Debug */,
				1582CFF919AF7BED0056BD40 /* Release */,
			);
			defaultConfigurationIsVisible = 0;
			defaultConfigurationName = Release;
		};
		1582CFFA19AF7BED0056BD40 /* Build configuration list for PBXNativeTarget "TWRPickerSliderTests" */ = {
			isa = XCConfigurationList;
			buildConfigurations = (
				1582CFFB19AF7BED0056BD40 /* Debug */,
				1582CFFC19AF7BED0056BD40 /* Release */,
			);
			defaultConfigurationIsVisible = 0;
			defaultConfigurationName = Release;
		};
/* End XCConfigurationList section */
	};
	rootObject = 1582CFBD19AF7BEC0056BD40 /* Project object */;
}
